// !$*UTF8*$!
{
	archiveVersion = 1;
	classes = {
	};
	objectVersion = 50;
	objects = {

/* Begin PBXBuildFile section */
		03E056C92484A743009D449A /* AppDelegate.swift in Sources */ = {isa = PBXBuildFile; fileRef = 03E056C82484A743009D449A /* AppDelegate.swift */; };
		03E056CB2484A743009D449A /* SceneDelegate.swift in Sources */ = {isa = PBXBuildFile; fileRef = 03E056CA2484A743009D449A /* SceneDelegate.swift */; };
		03E056CD2484A743009D449A /* ViewController.swift in Sources */ = {isa = PBXBuildFile; fileRef = 03E056CC2484A743009D449A /* ViewController.swift */; };
		03E056D02484A743009D449A /* Main.storyboard in Resources */ = {isa = PBXBuildFile; fileRef = 03E056CE2484A743009D449A /* Main.storyboard */; };
		03E056D22484A745009D449A /* Assets.xcassets in Resources */ = {isa = PBXBuildFile; fileRef = 03E056D12484A745009D449A /* Assets.xcassets */; };
		03E056D52484A745009D449A /* LaunchScreen.storyboard in Resources */ = {isa = PBXBuildFile; fileRef = 03E056D32484A745009D449A /* LaunchScreen.storyboard */; };
		03E056DF2484ACCB009D449A /* AuthenticationServices.framework in Frameworks */ = {isa = PBXBuildFile; fileRef = 03E056DE2484ACCB009D449A /* AuthenticationServices.framework */; };
		03E056E12484D38E009D449A /* KeychainItem.swift in Sources */ = {isa = PBXBuildFile; fileRef = 03E056E02484D38E009D449A /* KeychainItem.swift */; };
/* End PBXBuildFile section */

/* Begin PBXFileReference section */
		03E056C52484A743009D449A /* AppleSign.app */ = {isa = PBXFileReference; explicitFileType = wrapper.application; includeInIndex = 0; path = AppleSign.app; sourceTree = BUILT_PRODUCTS_DIR; };
		03E056C82484A743009D449A /* AppDelegate.swift */ = {isa = PBXFileReference; lastKnownFileType = sourcecode.swift; path = AppDelegate.swift; sourceTree = "<group>"; };
		03E056CA2484A743009D449A /* SceneDelegate.swift */ = {isa = PBXFileReference; lastKnownFileType = sourcecode.swift; path = SceneDelegate.swift; sourceTree = "<group>"; };
		03E056CC2484A743009D449A /* ViewController.swift */ = {isa = PBXFileReference; lastKnownFileType = sourcecode.swift; path = ViewController.swift; sourceTree = "<group>"; };
		03E056CF2484A743009D449A /* Base */ = {isa = PBXFileReference; lastKnownFileType = file.storyboard; name = Base; path = Base.lproj/Main.storyboard; sourceTree = "<group>"; };
		03E056D12484A745009D449A /* Assets.xcassets */ = {isa = PBXFileReference; lastKnownFileType = folder.assetcatalog; path = Assets.xcassets; sourceTree = "<group>"; };
		03E056D42484A745009D449A /* Base */ = {isa = PBXFileReference; lastKnownFileType = file.storyboard; name = Base; path = Base.lproj/LaunchScreen.storyboard; sourceTree = "<group>"; };
		03E056D62484A745009D449A /* Info.plist */ = {isa = PBXFileReference; lastKnownFileType = text.plist.xml; path = Info.plist; sourceTree = "<group>"; };
		03E056DC2484AA91009D449A /* AppleSign.entitlements */ = {isa = PBXFileReference; lastKnownFileType = text.plist.entitlements; path = AppleSign.entitlements; sourceTree = "<group>"; };
		03E056DE2484ACCB009D449A /* AuthenticationServices.framework */ = {isa = PBXFileReference; lastKnownFileType = wrapper.framework; name = AuthenticationServices.framework; path = System/Library/Frameworks/AuthenticationServices.framework; sourceTree = SDKROOT; };
		03E056E02484D38E009D449A /* KeychainItem.swift */ = {isa = PBXFileReference; fileEncoding = 4; lastKnownFileType = sourcecode.swift; path = KeychainItem.swift; sourceTree = "<group>"; };
/* End PBXFileReference section */

/* Begin PBXFrameworksBuildPhase section */
		03E056C22484A743009D449A /* Frameworks */ = {
			isa = PBXFrameworksBuildPhase;
			buildActionMask = 2147483647;
			files = (
				03E056DF2484ACCB009D449A /* AuthenticationServices.framework in Frameworks */,
			);
			runOnlyForDeploymentPostprocessing = 0;
		};
/* End PBXFrameworksBuildPhase section */

/* Begin PBXGroup section */
		03E056BC2484A743009D449A = {
			isa = PBXGroup;
			children = (
				03E056C72484A743009D449A /* AppleSign */,
				03E056C62484A743009D449A /* Products */,
				03E056DD2484ACCB009D449A /* Frameworks */,
			);
			sourceTree = "<group>";
		};
		03E056C62484A743009D449A /* Products */ = {
			isa = PBXGroup;
			children = (
				03E056C52484A743009D449A /* AppleSign.app */,
			);
			name = Products;
			sourceTree = "<group>";
		};
		03E056C72484A743009D449A /* AppleSign */ = {
			isa = PBXGroup;
			children = (
				03E056DC2484AA91009D449A /* AppleSign.entitlements */,
				03E056C82484A743009D449A /* AppDelegate.swift */,
				03E056CA2484A743009D449A /* SceneDelegate.swift */,
				03E056CC2484A743009D449A /* ViewController.swift */,
				03E056E02484D38E009D449A /* KeychainItem.swift */,
				03E056CE2484A743009D449A /* Main.storyboard */,
				03E056D12484A745009D449A /* Assets.xcassets */,
				03E056D32484A745009D449A /* LaunchScreen.storyboard */,
				03E056D62484A745009D449A /* Info.plist */,
			);
			path = AppleSign;
			sourceTree = "<group>";
		};
		03E056DD2484ACCB009D449A /* Frameworks */ = {
			isa = PBXGroup;
			children = (
				03E056DE2484ACCB009D449A /* AuthenticationServices.framework */,
			);
			name = Frameworks;
			sourceTree = "<group>";
		};
/* End PBXGroup section */

/* Begin PBXNativeTarget section */
		03E056C42484A743009D449A /* AppleSign */ = {
			isa = PBXNativeTarget;
			buildConfigurationList = 03E056D92484A745009D449A /* Build configuration list for PBXNativeTarget "AppleSign" */;
			buildPhases = (
				03E056C12484A743009D449A /* Sources */,
				03E056C22484A743009D449A /* Frameworks */,
				03E056C32484A743009D449A /* Resources */,
			);
			buildRules = (
			);
			dependencies = (
			);
			name = AppleSign;
			productName = AppleSign;
			productReference = 03E056C52484A743009D449A /* AppleSign.app */;
			productType = "com.apple.product-type.application";
		};
/* End PBXNativeTarget section */

/* Begin PBXProject section */
		03E056BD2484A743009D449A /* Project object */ = {
			isa = PBXProject;
			attributes = {
				LastSwiftUpdateCheck = 1140;
				LastUpgradeCheck = 1140;
				ORGANIZATIONNAME = wjn;
				TargetAttributes = {
					03E056C42484A743009D449A = {
						CreatedOnToolsVersion = 11.4.1;
					};
				};
			};
			buildConfigurationList = 03E056C02484A743009D449A /* Build configuration list for PBXProject "AppleSign" */;
			compatibilityVersion = "Xcode 9.3";
			developmentRegion = en;
			hasScannedForEncodings = 0;
			knownRegions = (
				en,
				Base,
			);
			mainGroup = 03E056BC2484A743009D449A;
			productRefGroup = 03E056C62484A743009D449A /* Products */;
			projectDirPath = "";
			projectRoot = "";
			targets = (
				03E056C42484A743009D449A /* AppleSign */,
			);
		};
/* End PBXProject section */

/* Begin PBXResourcesBuildPhase section */
		03E056C32484A743009D449A /* Resources */ = {
			isa = PBXResourcesBuildPhase;
			buildActionMask = 2147483647;
			files = (
				03E056D52484A745009D449A /* LaunchScreen.storyboard in Resources */,
				03E056D22484A745009D449A /* Assets.xcassets in Resources */,
				03E056D02484A743009D449A /* Main.storyboard in Resources */,
			);
			runOnlyForDeploymentPostprocessing = 0;
		};
/* End PBXResourcesBuildPhase section */

/* Begin PBXSourcesBuildPhase section */
		03E056C12484A743009D449A /* Sources */ = {
			isa = PBXSourcesBuildPhase;
			buildActionMask = 2147483647;
			files = (
				03E056E12484D38E009D449A /* KeychainItem.swift in Sources */,
				03E056CD2484A743009D449A /* ViewController.swift in Sources */,
				03E056C92484A743009D449A /* AppDelegate.swift in Sources */,
				03E056CB2484A743009D449A /* SceneDelegate.swift in Sources */,
			);
			runOnlyForDeploymentPostprocessing = 0;
		};
/* End PBXSourcesBuildPhase section */

/* Begin PBXVariantGroup section */
		03E056CE2484A743009D449A /* Main.storyboard */ = {
			isa = PBXVariantGroup;
			children = (
				03E056CF2484A743009D449A /* Base */,
			);
			name = Main.storyboard;
			sourceTree = "<group>";
		};
		03E056D32484A745009D449A /* LaunchScreen.storyboard */ = {
			isa = PBXVariantGroup;
			children = (
				03E056D42484A745009D449A /* Base */,
			);
			name = LaunchScreen.storyboard;
			sourceTree = "<group>";
		};
/* End PBXVariantGroup section */

/* Begin XCBuildConfiguration section */
		03E056D72484A745009D449A /* Debug */ = {
			isa = XCBuildConfiguration;
			buildSettings = {
				ALWAYS_SEARCH_USER_PATHS = NO;
				CLANG_ANALYZER_NONNULL = YES;
				CLANG_ANALYZER_NUMBER_OBJECT_CONVERSION = YES_AGGRESSIVE;
				CLANG_CXX_LANGUAGE_STANDARD = "gnu++14";
				CLANG_CXX_LIBRARY = "libc++";
				CLANG_ENABLE_MODULES = YES;
				CLANG_ENABLE_OBJC_ARC = YES;
				CLANG_ENABLE_OBJC_WEAK = YES;
				CLANG_WARN_BLOCK_CAPTURE_AUTORELEASING = YES;
				CLANG_WARN_BOOL_CONVERSION = YES;
				CLANG_WARN_COMMA = YES;
				CLANG_WARN_CONSTANT_CONVERSION = YES;
				CLANG_WARN_DEPRECATED_OBJC_IMPLEMENTATIONS = YES;
				CLANG_WARN_DIRECT_OBJC_ISA_USAGE = YES_ERROR;
				CLANG_WARN_DOCUMENTATION_COMMENTS = YES;
				CLANG_WARN_EMPTY_BODY = YES;
				CLANG_WARN_ENUM_CONVERSION = YES;
				CLANG_WARN_INFINITE_RECURSION = YES;
				CLANG_WARN_INT_CONVERSION = YES;
				CLANG_WARN_NON_LITERAL_NULL_CONVERSION = YES;
				CLANG_WARN_OBJC_IMPLICIT_RETAIN_SELF = YES;
				CLANG_WARN_OBJC_LITERAL_CONVERSION = YES;
				CLANG_WARN_OBJC_ROOT_CLASS = YES_ERROR;
				CLANG_WARN_RANGE_LOOP_ANALYSIS = YES;
				CLANG_WARN_STRICT_PROTOTYPES = YES;
				CLANG_WARN_SUSPICIOUS_MOVE = YES;
				CLANG_WARN_UNGUARDED_AVAILABILITY = YES_AGGRESSIVE;
				CLANG_WARN_UNREACHABLE_CODE = YES;
				CLANG_WARN__DUPLICATE_METHOD_MATCH = YES;
				COPY_PHASE_STRIP = NO;
				DEBUG_INFORMATION_FORMAT = dwarf;
				ENABLE_STRICT_OBJC_MSGSEND = YES;
				ENABLE_TESTABILITY = YES;
				GCC_C_LANGUAGE_STANDARD = gnu11;
				GCC_DYNAMIC_NO_PIC = NO;
				GCC_NO_COMMON_BLOCKS = YES;
				GCC_OPTIMIZATION_LEVEL = 0;
				GCC_PREPROCESSOR_DEFINITIONS = (
					"DEBUG=1",
					"$(inherited)",
				);
				GCC_WARN_64_TO_32_BIT_CONVERSION = YES;
				GCC_WARN_ABOUT_RETURN_TYPE = YES_ERROR;
				GCC_WARN_UNDECLARED_SELECTOR = YES;
				GCC_WARN_UNINITIALIZED_AUTOS = YES_AGGRESSIVE;
				GCC_WARN_UNUSED_FUNCTION = YES;
				GCC_WARN_UNUSED_VARIABLE = YES;
				IPHONEOS_DEPLOYMENT_TARGET = 13.4;
				MTL_ENABLE_DEBUG_INFO = INCLUDE_SOURCE;
				MTL_FAST_MATH = YES;
				ONLY_ACTIVE_ARCH = YES;
				SDKROOT = iphoneos;
				SWIFT_ACTIVE_COMPILATION_CONDITIONS = DEBUG;
				SWIFT_OPTIMIZATION_LEVEL = "-Onone";
			};
			name = Debug;
		};
		03E056D82484A745009D449A /* Release */ = {
			isa = XCBuildConfiguration;
			buildSettings = {
				ALWAYS_SEARCH_USER_PATHS = NO;
				CLANG_ANALYZER_NONNULL = YES;
				CLANG_ANALYZER_NUMBER_OBJECT_CONVERSION = YES_AGGRESSIVE;
				CLANG_CXX_LANGUAGE_STANDARD = "gnu++14";
				CLANG_CXX_LIBRARY = "libc++";
				CLANG_ENABLE_MODULES = YES;
				CLANG_ENABLE_OBJC_ARC = YES;
				CLANG_ENABLE_OBJC_WEAK = YES;
				CLANG_WARN_BLOCK_CAPTURE_AUTORELEASING = YES;
				CLANG_WARN_BOOL_CONVERSION = YES;
				CLANG_WARN_COMMA = YES;
				CLANG_WARN_CONSTANT_CONVERSION = YES;
				CLANG_WARN_DEPRECATED_OBJC_IMPLEMENTATIONS = YES;
				CLANG_WARN_DIRECT_OBJC_ISA_USAGE = YES_ERROR;
				CLANG_WARN_DOCUMENTATION_COMMENTS = YES;
				CLANG_WARN_EMPTY_BODY = YES;
				CLANG_WARN_ENUM_CONVERSION = YES;
				CLANG_WARN_INFINITE_RECURSION = YES;
				CLANG_WARN_INT_CONVERSION = YES;
				CLANG_WARN_NON_LITERAL_NULL_CONVERSION = YES;
				CLANG_WARN_OBJC_IMPLICIT_RETAIN_SELF = YES;
				CLANG_WARN_OBJC_LITERAL_CONVERSION = YES;
				CLANG_WARN_OBJC_ROOT_CLASS = YES_ERROR;
				CLANG_WARN_RANGE_LOOP_ANALYSIS = YES;
				CLANG_WARN_STRICT_PROTOTYPES = YES;
				CLANG_WARN_SUSPICIOUS_MOVE = YES;
				CLANG_WARN_UNGUARDED_AVAILABILITY = YES_AGGRESSIVE;
				CLANG_WARN_UNREACHABLE_CODE = YES;
				CLANG_WARN__DUPLICATE_METHOD_MATCH = YES;
				COPY_PHASE_STRIP = NO;
				DEBUG_INFORMATION_FORMAT = "dwarf-with-dsym";
				ENABLE_NS_ASSERTIONS = NO;
				ENABLE_STRICT_OBJC_MSGSEND = YES;
				GCC_C_LANGUAGE_STANDARD = gnu11;
				GCC_NO_COMMON_BLOCKS = YES;
				GCC_WARN_64_TO_32_BIT_CONVERSION = YES;
				GCC_WARN_ABOUT_RETURN_TYPE = YES_ERROR;
				GCC_WARN_UNDECLARED_SELECTOR = YES;
				GCC_WARN_UNINITIALIZED_AUTOS = YES_AGGRESSIVE;
				GCC_WARN_UNUSED_FUNCTION = YES;
				GCC_WARN_UNUSED_VARIABLE = YES;
				IPHONEOS_DEPLOYMENT_TARGET = 13.4;
				MTL_ENABLE_DEBUG_INFO = NO;
				MTL_FAST_MATH = YES;
				SDKROOT = iphoneos;
				SWIFT_COMPILATION_MODE = wholemodule;
				SWIFT_OPTIMIZATION_LEVEL = "-O";
				VALIDATE_PRODUCT = YES;
			};
			name = Release;
		};
		03E056DA2484A745009D449A /* Debug */ = {
			isa = XCBuildConfiguration;
			buildSettings = {
				ASSETCATALOG_COMPILER_APPICON_NAME = AppIcon;
				CODE_SIGN_ENTITLEMENTS = AppleSign/AppleSign.entitlements;
				CODE_SIGN_STYLE = Automatic;
				DEVELOPMENT_TEAM = 2WDC84HZ5E;
				INFOPLIST_FILE = AppleSign/Info.plist;
				LD_RUNPATH_SEARCH_PATHS = (
					"$(inherited)",
					"@executable_path/Frameworks",
				);
				PRODUCT_BUNDLE_IDENTIFIER = com.mainone.AppleSign;
				PRODUCT_NAME = "$(TARGET_NAME)";
				SWIFT_VERSION = 5.0;
				TARGETED_DEVICE_FAMILY = "1,2";
			};
			name = Debug;
		};
		03E056DB2484A745009D449A /* Release */ = {
			isa = XCBuildConfiguration;
			buildSettings = {
				ASSETCATALOG_COMPILER_APPICON_NAME = AppIcon;
				CODE_SIGN_ENTITLEMENTS = AppleSign/AppleSign.entitlements;
				CODE_SIGN_STYLE = Automatic;
				DEVELOPMENT_TEAM = 2WDC84HZ5E;
				INFOPLIST_FILE = AppleSign/Info.plist;
				LD_RUNPATH_SEARCH_PATHS = (
					"$(inherited)",
					"@executable_path/Frameworks",
				);
				PRODUCT_BUNDLE_IDENTIFIER = com.mainone.AppleSign;
				PRODUCT_NAME = "$(TARGET_NAME)";
				SWIFT_VERSION = 5.0;
				TARGETED_DEVICE_FAMILY = "1,2";
			};
			name = Release;
		};
/* End XCBuildConfiguration section */

/* Begin XCConfigurationList section */
		03E056C02484A743009D449A /* Build configuration list for PBXProject "AppleSign" */ = {
			isa = XCConfigurationList;
			buildConfigurations = (
				03E056D72484A745009D449A /* Debug */,
				03E056D82484A745009D449A /* Release */,
			);
			defaultConfigurationIsVisible = 0;
			defaultConfigurationName = Release;
		};
		03E056D92484A745009D449A /* Build configuration list for PBXNativeTarget "AppleSign" */ = {
			isa = XCConfigurationList;
			buildConfigurations = (
				03E056DA2484A745009D449A /* Debug */,
				03E056DB2484A745009D449A /* Release */,
			);
			defaultConfigurationIsVisible = 0;
			defaultConfigurationName = Release;
		};
/* End XCConfigurationList section */
	};
	rootObject = 03E056BD2484A743009D449A /* Project object */;
}
